{
  "name": "urban-real-time-traffic-tracker",
  "version": "1.0.0",
  "description": "This is the Urban Real-Time Traffic Tracker (URTT). URTT is a web app that provides real-time traffic updates and helps you find the best routes to your destination.",
  "main": "server.js",
  "scripts": {
    "test": "echo \"Error: no test specified\" && exit 1",
    "start": "node server.js"
  },
  "keywords": [],
  "author": "",
  "license": "ISC",
  "dependencies": {
    "bcryptjs": "^2.4.3",
    "body-parser": "^1.20.3",
    "cors": "^2.8.5",
    "express": "^4.21.1",
    "express-rate-limit": "^7.4.1",
    "leaflet": "^1.9.4",
    "mongoose": "^8.8.3",
    "axios": "^1.0.0"
  }
}
